
Microsoft Visual Studio Solution File, Format Version 12.00
# Visual Studio 2017
Project("{FAE04EC0-301F-11D3-BF4B-00C04F79EFBC}") = "UI_physioHMD", "UI_physioHMD.csproj", "{B126ED4D-3CAE-AE36-8EE9-712F9DC5967F}"
EndProject
Project("{FAE04EC0-301F-11D3-BF4B-00C04F79EFBC}") = "UI_physioHMD.Editor", "UI_physioHMD.Editor.csproj", "{07AD70EB-5293-4D0C-C15F-5D43347F2F3C}"
EndProject
Global
	GlobalSection(SolutionConfigurationPlatforms) = preSolution
		Debug|Any CPU = Debug|Any CPU
		Release|Any CPU = Release|Any CPU
	EndGlobalSection
	GlobalSection(ProjectConfigurationPlatforms) = postSolution
		{B126ED4D-3CAE-AE36-8EE9-712F9DC5967F}.Debug|Any CPU.ActiveCfg = Debug|Any CPU
		{B126ED4D-3CAE-AE36-8EE9-712F9DC5967F}.Debug|Any CPU.Build.0 = Debug|Any CPU
		{B126ED4D-3CAE-AE36-8EE9-712F9DC5967F}.Release|Any CPU.ActiveCfg = Release|Any CPU
		{B126ED4D-3CAE-AE36-8EE9-712F9DC5967F}.Release|Any CPU.Build.0 = Release|Any CPU
		{07AD70EB-5293-4D0C-C15F-5D43347F2F3C}.Debug|Any CPU.ActiveCfg = Debug|Any CPU
		{07AD70EB-5293-4D0C-C15F-5D43347F2F3C}.Debug|Any CPU.Build.0 = Debug|Any CPU
		{07AD70EB-5293-4D0C-C15F-5D43347F2F3C}.Release|Any CPU.ActiveCfg = Release|Any CPU
		{07AD70EB-5293-4D0C-C15F-5D43347F2F3C}.Release|Any CPU.Build.0 = Release|Any CPU
	EndGlobalSection
	GlobalSection(SolutionProperties) = preSolution
		HideSolutionNode = FALSE
	EndGlobalSection
EndGlobal
